
Microsoft Visual Studio Solution File, Format Version 12.00
# Visual Studio Version 16
VisualStudioVersion = 16.0.32106.194
MinimumVisualStudioVersion = 10.0.40219.1
Project("{FAE04EC0-301F-11D3-BF4B-00C04F79EFBC}") = "ChatApp", "ChatApp\ChatApp.csproj", "{156B8170-18ED-4B92-822F-63A85E5CC460}"
EndProject
Project("{E53339B2-1760-4266-BCC7-CA923CBCF16C}") = "docker-compose", "docker-compose.dcproj", "{6F858E6A-A0F0-4A1F-9A3F-0E2104ACCD48}"
EndProject
Global
	GlobalSection(SolutionConfigurationPlatforms) = preSolution
		Debug|Any CPU = Debug|Any CPU
		Release|Any CPU = Release|Any CPU
	EndGlobalSection
	GlobalSection(ProjectConfigurationPlatforms) = postSolution
		{156B8170-18ED-4B92-822F-63A85E5CC460}.Debug|Any CPU.ActiveCfg = Debug|Any CPU
		{156B8170-18ED-4B92-822F-63A85E5CC460}.Debug|Any CPU.Build.0 = Debug|Any CPU
		{156B8170-18ED-4B92-822F-63A85E5CC460}.Release|Any CPU.ActiveCfg = Release|Any CPU
		{156B8170-18ED-4B92-822F-63A85E5CC460}.Release|Any CPU.Build.0 = Release|Any CPU
		{6F858E6A-A0F0-4A1F-9A3F-0E2104ACCD48}.Debug|Any CPU.ActiveCfg = Debug|Any CPU
		{6F858E6A-A0F0-4A1F-9A3F-0E2104ACCD48}.Debug|Any CPU.Build.0 = Debug|Any CPU
		{6F858E6A-A0F0-4A1F-9A3F-0E2104ACCD48}.Release|Any CPU.ActiveCfg = Release|Any CPU
		{6F858E6A-A0F0-4A1F-9A3F-0E2104ACCD48}.Release|Any CPU.Build.0 = Release|Any CPU
	EndGlobalSection
	GlobalSection(SolutionProperties) = preSolution
		HideSolutionNode = FALSE
	EndGlobalSection
	GlobalSection(ExtensibilityGlobals) = postSolution
		SolutionGuid = {3235CD35-2F13-40BA-9B87-D2C36D4E76E5}
	EndGlobalSection
EndGlobal
